
Microsoft Visual Studio Solution File, Format Version 12.00
# Visual Studio 2013
VisualStudioVersion = 12.0.40629.0
MinimumVisualStudioVersion = 10.0.40219.1
Project("{2150E333-8FDC-42A3-9474-1A3956D46DE8}") = "_SolutionItems", "_SolutionItems", "{5F5DCC35-0E53-48DA-8E0F-E8F3E4D5BEBF}"
	ProjectSection(SolutionItems) = preProject
		build\Build.EP.props = build\Build.EP.props
		README.md = README.md
	EndProjectSection
EndProject
Project("{FAE04EC0-301F-11D3-BF4B-00C04F79EFBC}") = "Konsola", "src\Konsola\Konsola.csproj", "{62B7A141-F1EA-4507-8024-35865CB7ACB6}"
EndProject
Project("{FAE04EC0-301F-11D3-BF4B-00C04F79EFBC}") = "Konsola.Net40", "src\Konsola.Net40\Konsola.Net40.csproj", "{D59DD9B1-7B26-4537-8D29-6FA85F392128}"
EndProject
Project("{FAE04EC0-301F-11D3-BF4B-00C04F79EFBC}") = "Konsola.Tests", "src\Konsola.Tests\Konsola.Tests.csproj", "{7AB5B18C-07FF-43C8-ABF0-5B4513C5ACF3}"
EndProject
Global
	GlobalSection(SolutionConfigurationPlatforms) = preSolution
		Debug|Any CPU = Debug|Any CPU
		Release|Any CPU = Release|Any CPU
	EndGlobalSection
	GlobalSection(ProjectConfigurationPlatforms) = postSolution
		{62B7A141-F1EA-4507-8024-35865CB7ACB6}.Debug|Any CPU.ActiveCfg = Debug|Any CPU
		{62B7A141-F1EA-4507-8024-35865CB7ACB6}.Debug|Any CPU.Build.0 = Debug|Any CPU
		{62B7A141-F1EA-4507-8024-35865CB7ACB6}.Release|Any CPU.ActiveCfg = Release|Any CPU
		{62B7A141-F1EA-4507-8024-35865CB7ACB6}.Release|Any CPU.Build.0 = Release|Any CPU
		{D59DD9B1-7B26-4537-8D29-6FA85F392128}.Debug|Any CPU.ActiveCfg = Debug|Any CPU
		{D59DD9B1-7B26-4537-8D29-6FA85F392128}.Debug|Any CPU.Build.0 = Debug|Any CPU
		{D59DD9B1-7B26-4537-8D29-6FA85F392128}.Release|Any CPU.ActiveCfg = Release|Any CPU
		{D59DD9B1-7B26-4537-8D29-6FA85F392128}.Release|Any CPU.Build.0 = Release|Any CPU
		{7AB5B18C-07FF-43C8-ABF0-5B4513C5ACF3}.Debug|Any CPU.ActiveCfg = Debug|Any CPU
		{7AB5B18C-07FF-43C8-ABF0-5B4513C5ACF3}.Debug|Any CPU.Build.0 = Debug|Any CPU
		{7AB5B18C-07FF-43C8-ABF0-5B4513C5ACF3}.Release|Any CPU.ActiveCfg = Release|Any CPU
		{7AB5B18C-07FF-43C8-ABF0-5B4513C5ACF3}.Release|Any CPU.Build.0 = Release|Any CPU
	EndGlobalSection
	GlobalSection(SolutionProperties) = preSolution
		HideSolutionNode = FALSE
	EndGlobalSection
EndGlobal
