
Microsoft Visual Studio Solution File, Format Version 12.00
# Visual Studio 2013
VisualStudioVersion = 12.0.31101.0
MinimumVisualStudioVersion = 10.0.40219.1
Project("{FAE04EC0-301F-11D3-BF4B-00C04F79EFBC}") = "Konsola", "Konsola\Konsola.csproj", "{62B7A141-F1EA-4507-8024-35865CB7ACB6}"
EndProject
Project("{FAE04EC0-301F-11D3-BF4B-00C04F79EFBC}") = "Konsola.Tests", "Konsola.Tests\Konsola.Tests.csproj", "{7AB5B18C-07FF-43C8-ABF0-5B4513C5ACF3}"
EndProject
Global
	GlobalSection(SolutionConfigurationPlatforms) = preSolution
		Debug|Any CPU = Debug|Any CPU
		Release|Any CPU = Release|Any CPU
	EndGlobalSection
	GlobalSection(ProjectConfigurationPlatforms) = postSolution
		{62B7A141-F1EA-4507-8024-35865CB7ACB6}.Debug|Any CPU.ActiveCfg = Debug|Any CPU
		{62B7A141-F1EA-4507-8024-35865CB7ACB6}.Debug|Any CPU.Build.0 = Debug|Any CPU
		{62B7A141-F1EA-4507-8024-35865CB7ACB6}.Release|Any CPU.ActiveCfg = Release|Any CPU
		{62B7A141-F1EA-4507-8024-35865CB7ACB6}.Release|Any CPU.Build.0 = Release|Any CPU
		{7AB5B18C-07FF-43C8-ABF0-5B4513C5ACF3}.Debug|Any CPU.ActiveCfg = Debug|Any CPU
		{7AB5B18C-07FF-43C8-ABF0-5B4513C5ACF3}.Debug|Any CPU.Build.0 = Debug|Any CPU
		{7AB5B18C-07FF-43C8-ABF0-5B4513C5ACF3}.Release|Any CPU.ActiveCfg = Release|Any CPU
		{7AB5B18C-07FF-43C8-ABF0-5B4513C5ACF3}.Release|Any CPU.Build.0 = Release|Any CPU
	EndGlobalSection
	GlobalSection(SolutionProperties) = preSolution
		HideSolutionNode = FALSE
	EndGlobalSection
EndGlobal
